<Solution>
  <Folder Name="/Business/">
    <Project Path="patient-vaccination-registry.Aplication/patient-vaccination-registry.Application.csproj" Id="63431378-4fda-4892-84a5-28f73cd9534a" />
  </Folder>
  <Folder Name="/Data/">
    <Project Path="patient-vaccination-registry.Domain/patient-vaccination-registry.Domain.csproj" Id="67da161c-7039-4b5a-8896-7d41b0297fcf" />
    <Project Path="patient-vaccination-registry.Infrastructure/patient-vaccination-registry.Infrastructure.csproj" Id="ad5d3237-f9c1-4af1-9e0c-83ae1be1bc36" />
  </Folder>
  <Project Path="patient-vaccination-registry.API/patient-vaccination-registry.API.csproj" />
  <Project Path="patient-vaccination-registry.Frontend/patient-vaccination-registry.frontend.esproj" DisplayName="patient-vaccination-registry.Frontend">
    <Build />
    <Deploy />
  </Project>
</Solution>
